
Microsoft Visual Studio Solution File, Format Version 12.00
# Visual Studio Version 17
VisualStudioVersion = 17.3.32825.248
MinimumVisualStudioVersion = 10.0.40219.1
Project("{FAE04EC0-301F-11D3-BF4B-00C04F79EFBC}") = "ShveikaApp", "ShveikaApp\ShveikaApp.csproj", "{5A4EB286-9C96-4BE1-9D63-A93716D7C27E}"
EndProject
Global
	GlobalSection(SolutionConfigurationPlatforms) = preSolution
		Debug|Any CPU = Debug|Any CPU
		Release|Any CPU = Release|Any CPU
	EndGlobalSection
	GlobalSection(ProjectConfigurationPlatforms) = postSolution
		{5A4EB286-9C96-4BE1-9D63-A93716D7C27E}.Debug|Any CPU.ActiveCfg = Debug|Any CPU
		{5A4EB286-9C96-4BE1-9D63-A93716D7C27E}.Debug|Any CPU.Build.0 = Debug|Any CPU
		{5A4EB286-9C96-4BE1-9D63-A93716D7C27E}.Release|Any CPU.ActiveCfg = Release|Any CPU
		{5A4EB286-9C96-4BE1-9D63-A93716D7C27E}.Release|Any CPU.Build.0 = Release|Any CPU
	EndGlobalSection
	GlobalSection(SolutionProperties) = preSolution
		HideSolutionNode = FALSE
	EndGlobalSection
	GlobalSection(ExtensibilityGlobals) = postSolution
		SolutionGuid = {3FF37B2F-2195-4CE3-811A-4E7AF718F84C}
	EndGlobalSection
EndGlobal
